
Microsoft Visual Studio Solution File, Format Version 12.00
# Visual Studio Version 17
VisualStudioVersion = 17.4.33205.214
MinimumVisualStudioVersion = 10.0.40219.1
Project("{9A19103F-16F7-4668-BE54-9A1E7A4F7556}") = "Basic.Course", "Basic.Course\Basic.Course.csproj", "{019BE697-52C7-465B-8131-7CACE102F14F}"
EndProject
Project("{FAE04EC0-301F-11D3-BF4B-00C04F79EFBC}") = "Common", "Common\Common.csproj", "{89B0C28D-001C-4CBF-AB37-503E7AE515C7}"
EndProject
Global
	GlobalSection(SolutionConfigurationPlatforms) = preSolution
		Debug|Any CPU = Debug|Any CPU
		Release|Any CPU = Release|Any CPU
	EndGlobalSection
	GlobalSection(ProjectConfigurationPlatforms) = postSolution
		{019BE697-52C7-465B-8131-7CACE102F14F}.Debug|Any CPU.ActiveCfg = Debug|Any CPU
		{019BE697-52C7-465B-8131-7CACE102F14F}.Debug|Any CPU.Build.0 = Debug|Any CPU
		{019BE697-52C7-465B-8131-7CACE102F14F}.Release|Any CPU.ActiveCfg = Release|Any CPU
		{019BE697-52C7-465B-8131-7CACE102F14F}.Release|Any CPU.Build.0 = Release|Any CPU
		{89B0C28D-001C-4CBF-AB37-503E7AE515C7}.Debug|Any CPU.ActiveCfg = Debug|Any CPU
		{89B0C28D-001C-4CBF-AB37-503E7AE515C7}.Debug|Any CPU.Build.0 = Debug|Any CPU
		{89B0C28D-001C-4CBF-AB37-503E7AE515C7}.Release|Any CPU.ActiveCfg = Release|Any CPU
		{89B0C28D-001C-4CBF-AB37-503E7AE515C7}.Release|Any CPU.Build.0 = Release|Any CPU
	EndGlobalSection
	GlobalSection(SolutionProperties) = preSolution
		HideSolutionNode = FALSE
	EndGlobalSection
	GlobalSection(ExtensibilityGlobals) = postSolution
		SolutionGuid = {A895DE94-B566-4CA4-8AA3-F3D57DC6E9B1}
	EndGlobalSection
EndGlobal
